
Microsoft Visual Studio Solution File, Format Version 12.00
# Visual Studio Version 17
VisualStudioVersion = 17.7.34009.444
MinimumVisualStudioVersion = 10.0.40219.1
Project("{FAE04EC0-301F-11D3-BF4B-00C04F79EFBC}") = "CP2", "CP2\CP2.csproj", "{AACAE11E-6341-438B-9D41-D4EB0C5E0C4E}"
EndProject
Global
	GlobalSection(SolutionConfigurationPlatforms) = preSolution
		Debug|Any CPU = Debug|Any CPU
		Release|Any CPU = Release|Any CPU
	EndGlobalSection
	GlobalSection(ProjectConfigurationPlatforms) = postSolution
		{AACAE11E-6341-438B-9D41-D4EB0C5E0C4E}.Debug|Any CPU.ActiveCfg = Debug|Any CPU
		{AACAE11E-6341-438B-9D41-D4EB0C5E0C4E}.Debug|Any CPU.Build.0 = Debug|Any CPU
		{AACAE11E-6341-438B-9D41-D4EB0C5E0C4E}.Release|Any CPU.ActiveCfg = Release|Any CPU
		{AACAE11E-6341-438B-9D41-D4EB0C5E0C4E}.Release|Any CPU.Build.0 = Release|Any CPU
	EndGlobalSection
	GlobalSection(SolutionProperties) = preSolution
		HideSolutionNode = FALSE
	EndGlobalSection
	GlobalSection(ExtensibilityGlobals) = postSolution
		SolutionGuid = {256E3E6E-8C62-4962-9F39-FEFC13C32082}
	EndGlobalSection
EndGlobal
